
Microsoft Visual Studio Solution File, Format Version 12.00
# Visual Studio Version 16
VisualStudioVersion = 16.0.29911.84
MinimumVisualStudioVersion = 10.0.40219.1
Project("{FAE04EC0-301F-11D3-BF4B-00C04F79EFBC}") = "Parcial", "Parcial\Parcial.csproj", "{525C3BD1-3B8F-4821-9DB2-CC5A3011889F}"
EndProject
Project("{FAE04EC0-301F-11D3-BF4B-00C04F79EFBC}") = "Parcial.Tests", "Parcial.Tests\Parcial.Tests.csproj", "{29B70D1C-04B6-47FD-8916-BAAD4F3671B3}"
EndProject
Global
	GlobalSection(SolutionConfigurationPlatforms) = preSolution
		Debug|Any CPU = Debug|Any CPU
		Release|Any CPU = Release|Any CPU
	EndGlobalSection
	GlobalSection(ProjectConfigurationPlatforms) = postSolution
		{525C3BD1-3B8F-4821-9DB2-CC5A3011889F}.Debug|Any CPU.ActiveCfg = Debug|Any CPU
		{525C3BD1-3B8F-4821-9DB2-CC5A3011889F}.Debug|Any CPU.Build.0 = Debug|Any CPU
		{525C3BD1-3B8F-4821-9DB2-CC5A3011889F}.Release|Any CPU.ActiveCfg = Release|Any CPU
		{525C3BD1-3B8F-4821-9DB2-CC5A3011889F}.Release|Any CPU.Build.0 = Release|Any CPU
		{29B70D1C-04B6-47FD-8916-BAAD4F3671B3}.Debug|Any CPU.ActiveCfg = Debug|Any CPU
		{29B70D1C-04B6-47FD-8916-BAAD4F3671B3}.Debug|Any CPU.Build.0 = Debug|Any CPU
		{29B70D1C-04B6-47FD-8916-BAAD4F3671B3}.Release|Any CPU.ActiveCfg = Release|Any CPU
		{29B70D1C-04B6-47FD-8916-BAAD4F3671B3}.Release|Any CPU.Build.0 = Release|Any CPU
	EndGlobalSection
	GlobalSection(SolutionProperties) = preSolution
		HideSolutionNode = FALSE
	EndGlobalSection
	GlobalSection(ExtensibilityGlobals) = postSolution
		SolutionGuid = {0CB595FA-ADC2-45D4-8910-BFA3FB6B90D3}
	EndGlobalSection
EndGlobal
